
Microsoft Visual Studio Solution File, Format Version 12.00
# Visual Studio Version 17
VisualStudioVersion = 17.2.32630.192
MinimumVisualStudioVersion = 10.0.40219.1
Project("{FAE04EC0-301F-11D3-BF4B-00C04F79EFBC}") = "BasicEcommerce_BackEnd", "BasicEcommerce_BackEnd\BasicEcommerce_BackEnd.csproj", "{C99A563F-89D6-4B4E-8790-1BA7D336CE66}"
EndProject
Global
	GlobalSection(SolutionConfigurationPlatforms) = preSolution
		Debug|Any CPU = Debug|Any CPU
		Release|Any CPU = Release|Any CPU
	EndGlobalSection
	GlobalSection(ProjectConfigurationPlatforms) = postSolution
		{C99A563F-89D6-4B4E-8790-1BA7D336CE66}.Debug|Any CPU.ActiveCfg = Debug|Any CPU
		{C99A563F-89D6-4B4E-8790-1BA7D336CE66}.Debug|Any CPU.Build.0 = Debug|Any CPU
		{C99A563F-89D6-4B4E-8790-1BA7D336CE66}.Release|Any CPU.ActiveCfg = Release|Any CPU
		{C99A563F-89D6-4B4E-8790-1BA7D336CE66}.Release|Any CPU.Build.0 = Release|Any CPU
	EndGlobalSection
	GlobalSection(SolutionProperties) = preSolution
		HideSolutionNode = FALSE
	EndGlobalSection
	GlobalSection(ExtensibilityGlobals) = postSolution
		SolutionGuid = {6DDDFC53-B260-42AF-9E6C-32C244F60E8E}
	EndGlobalSection
EndGlobal
